
Microsoft Visual Studio Solution File, Format Version 12.00
# Visual Studio 15
VisualStudioVersion = 15.0.28307.757
MinimumVisualStudioVersion = 10.0.40219.1
Project("{9A19103F-16F7-4668-BE54-9A1E7A4F7556}") = "MyWebAPI.API", "MyWebAPI.API\MyWebAPI.API.csproj", "{D825C784-06D8-4EB4-B272-C9F3CB63BF88}"
EndProject
Project("{9A19103F-16F7-4668-BE54-9A1E7A4F7556}") = "MyWebAPI.Core", "MyWebAPI.Core\MyWebAPI.Core.csproj", "{2C5958E4-04C9-40F4-ADEB-FF1EFB20B6DD}"
EndProject
Project("{9A19103F-16F7-4668-BE54-9A1E7A4F7556}") = "MyWebAPI.Infrastructure", "MyWebAPI.Infrastructure\MyWebAPI.Infrastructure.csproj", "{AB748BA7-6252-4197-8FA7-743A18489BDE}"
EndProject
Project("{9A19103F-16F7-4668-BE54-9A1E7A4F7556}") = "MyIdp", "MyIdp\MyIdp.csproj", "{F50E1FCF-E9B1-479E-95C5-D86C957AF188}"
EndProject
Project("{FAE04EC0-301F-11D3-BF4B-00C04F79EFBC}") = "MvcClient", "MvcClient\MvcClient.csproj", "{9ED53600-9CB7-4482-A833-32AB5B2A9A42}"
EndProject
Global
	GlobalSection(SolutionConfigurationPlatforms) = preSolution
		Debug|Any CPU = Debug|Any CPU
		Release|Any CPU = Release|Any CPU
	EndGlobalSection
	GlobalSection(ProjectConfigurationPlatforms) = postSolution
		{D825C784-06D8-4EB4-B272-C9F3CB63BF88}.Debug|Any CPU.ActiveCfg = Debug|Any CPU
		{D825C784-06D8-4EB4-B272-C9F3CB63BF88}.Debug|Any CPU.Build.0 = Debug|Any CPU
		{D825C784-06D8-4EB4-B272-C9F3CB63BF88}.Release|Any CPU.ActiveCfg = Release|Any CPU
		{D825C784-06D8-4EB4-B272-C9F3CB63BF88}.Release|Any CPU.Build.0 = Release|Any CPU
		{2C5958E4-04C9-40F4-ADEB-FF1EFB20B6DD}.Debug|Any CPU.ActiveCfg = Debug|Any CPU
		{2C5958E4-04C9-40F4-ADEB-FF1EFB20B6DD}.Debug|Any CPU.Build.0 = Debug|Any CPU
		{2C5958E4-04C9-40F4-ADEB-FF1EFB20B6DD}.Release|Any CPU.ActiveCfg = Release|Any CPU
		{2C5958E4-04C9-40F4-ADEB-FF1EFB20B6DD}.Release|Any CPU.Build.0 = Release|Any CPU
		{AB748BA7-6252-4197-8FA7-743A18489BDE}.Debug|Any CPU.ActiveCfg = Debug|Any CPU
		{AB748BA7-6252-4197-8FA7-743A18489BDE}.Debug|Any CPU.Build.0 = Debug|Any CPU
		{AB748BA7-6252-4197-8FA7-743A18489BDE}.Release|Any CPU.ActiveCfg = Release|Any CPU
		{AB748BA7-6252-4197-8FA7-743A18489BDE}.Release|Any CPU.Build.0 = Release|Any CPU
		{F50E1FCF-E9B1-479E-95C5-D86C957AF188}.Debug|Any CPU.ActiveCfg = Debug|Any CPU
		{F50E1FCF-E9B1-479E-95C5-D86C957AF188}.Debug|Any CPU.Build.0 = Debug|Any CPU
		{F50E1FCF-E9B1-479E-95C5-D86C957AF188}.Release|Any CPU.ActiveCfg = Release|Any CPU
		{F50E1FCF-E9B1-479E-95C5-D86C957AF188}.Release|Any CPU.Build.0 = Release|Any CPU
		{9ED53600-9CB7-4482-A833-32AB5B2A9A42}.Debug|Any CPU.ActiveCfg = Debug|Any CPU
		{9ED53600-9CB7-4482-A833-32AB5B2A9A42}.Debug|Any CPU.Build.0 = Debug|Any CPU
		{9ED53600-9CB7-4482-A833-32AB5B2A9A42}.Release|Any CPU.ActiveCfg = Release|Any CPU
		{9ED53600-9CB7-4482-A833-32AB5B2A9A42}.Release|Any CPU.Build.0 = Release|Any CPU
	EndGlobalSection
	GlobalSection(SolutionProperties) = preSolution
		HideSolutionNode = FALSE
	EndGlobalSection
	GlobalSection(ExtensibilityGlobals) = postSolution
		SolutionGuid = {4566FD1D-D60F-41EC-B3F2-A3E284CA66B6}
	EndGlobalSection
EndGlobal
